// !$*UTF8*$!
{
	archiveVersion = 1;
	classes = {
	};
	objectVersion = 50;
	objects = {

/* Begin PBXBuildFile section */
		013D133026005B2100AC9B7F /* AppDelegate.m in Sources */ = {isa = PBXBuildFile; fileRef = 013D132F26005B2100AC9B7F /* AppDelegate.m */; };
		013D133B26005B2200AC9B7F /* Assets.xcassets in Resources */ = {isa = PBXBuildFile; fileRef = 013D133A26005B2200AC9B7F /* Assets.xcassets */; };
		013D134126005B2200AC9B7F /* main.m in Sources */ = {isa = PBXBuildFile; fileRef = 013D134026005B2200AC9B7F /* main.m */; };
		013D134B26005B2300AC9B7F /* EyerPlayerTests.m in Sources */ = {isa = PBXBuildFile; fileRef = 013D134A26005B2300AC9B7F /* EyerPlayerTests.m */; };
		013D135626005B2300AC9B7F /* EyerPlayerUITests.m in Sources */ = {isa = PBXBuildFile; fileRef = 013D135526005B2300AC9B7F /* EyerPlayerUITests.m */; };
		013D136B26005F5B00AC9B7F /* OGLControllerViewController.mm in Sources */ = {isa = PBXBuildFile; fileRef = 013D136A26005F5B00AC9B7F /* OGLControllerViewController.mm */; };
		013D137D2600944500AC9B7F /* Test.cpp in Sources */ = {isa = PBXBuildFile; fileRef = 013D137B2600944500AC9B7F /* Test.cpp */; };
/* End PBXBuildFile section */

/* Begin PBXContainerItemProxy section */
		013D134726005B2300AC9B7F /* PBXContainerItemProxy */ = {
			isa = PBXContainerItemProxy;
			containerPortal = 013D132326005B2100AC9B7F /* Project object */;
			proxyType = 1;
			remoteGlobalIDString = 013D132A26005B2100AC9B7F;
			remoteInfo = EyerPlayer;
		};
		013D135226005B2300AC9B7F /* PBXContainerItemProxy */ = {
			isa = PBXContainerItemProxy;
			containerPortal = 013D132326005B2100AC9B7F /* Project object */;
			proxyType = 1;
			remoteGlobalIDString = 013D132A26005B2100AC9B7F;
			remoteInfo = EyerPlayer;
		};
/* End PBXContainerItemProxy section */

/* Begin PBXFileReference section */
		013D132B26005B2100AC9B7F /* EyerPlayer.app */ = {isa = PBXFileReference; explicitFileType = wrapper.application; includeInIndex = 0; path = EyerPlayer.app; sourceTree = BUILT_PRODUCTS_DIR; };
		013D132E26005B2100AC9B7F /* AppDelegate.h */ = {isa = PBXFileReference; lastKnownFileType = sourcecode.c.h; path = AppDelegate.h; sourceTree = "<group>"; };
		013D132F26005B2100AC9B7F /* AppDelegate.m */ = {isa = PBXFileReference; lastKnownFileType = sourcecode.c.objc; path = AppDelegate.m; sourceTree = "<group>"; };
		013D133A26005B2200AC9B7F /* Assets.xcassets */ = {isa = PBXFileReference; lastKnownFileType = folder.assetcatalog; path = Assets.xcassets; sourceTree = "<group>"; };
		013D133F26005B2200AC9B7F /* Info.plist */ = {isa = PBXFileReference; lastKnownFileType = text.plist.xml; path = Info.plist; sourceTree = "<group>"; };
		013D134026005B2200AC9B7F /* main.m */ = {isa = PBXFileReference; lastKnownFileType = sourcecode.c.objc; path = main.m; sourceTree = "<group>"; };
		013D134626005B2300AC9B7F /* EyerPlayerTests.xctest */ = {isa = PBXFileReference; explicitFileType = wrapper.cfbundle; includeInIndex = 0; path = EyerPlayerTests.xctest; sourceTree = BUILT_PRODUCTS_DIR; };
		013D134A26005B2300AC9B7F /* EyerPlayerTests.m */ = {isa = PBXFileReference; lastKnownFileType = sourcecode.c.objc; path = EyerPlayerTests.m; sourceTree = "<group>"; };
		013D134C26005B2300AC9B7F /* Info.plist */ = {isa = PBXFileReference; lastKnownFileType = text.plist.xml; path = Info.plist; sourceTree = "<group>"; };
		013D135126005B2300AC9B7F /* EyerPlayerUITests.xctest */ = {isa = PBXFileReference; explicitFileType = wrapper.cfbundle; includeInIndex = 0; path = EyerPlayerUITests.xctest; sourceTree = BUILT_PRODUCTS_DIR; };
		013D135526005B2300AC9B7F /* EyerPlayerUITests.m */ = {isa = PBXFileReference; lastKnownFileType = sourcecode.c.objc; path = EyerPlayerUITests.m; sourceTree = "<group>"; };
		013D135726005B2300AC9B7F /* Info.plist */ = {isa = PBXFileReference; lastKnownFileType = text.plist.xml; path = Info.plist; sourceTree = "<group>"; };
		013D136926005F5B00AC9B7F /* OGLControllerViewController.h */ = {isa = PBXFileReference; lastKnownFileType = sourcecode.c.h; path = OGLControllerViewController.h; sourceTree = "<group>"; };
		013D136A26005F5B00AC9B7F /* OGLControllerViewController.mm */ = {isa = PBXFileReference; lastKnownFileType = sourcecode.cpp.objcpp; path = OGLControllerViewController.mm; sourceTree = "<group>"; };
		013D137B2600944500AC9B7F /* Test.cpp */ = {isa = PBXFileReference; lastKnownFileType = sourcecode.cpp.cpp; path = Test.cpp; sourceTree = "<group>"; };
		013D137C2600944500AC9B7F /* Test.hpp */ = {isa = PBXFileReference; lastKnownFileType = sourcecode.cpp.h; path = Test.hpp; sourceTree = "<group>"; };
/* End PBXFileReference section */

/* Begin PBXFrameworksBuildPhase section */
		013D132826005B2100AC9B7F /* Frameworks */ = {
			isa = PBXFrameworksBuildPhase;
			buildActionMask = 2147483647;
			files = (
			);
			runOnlyForDeploymentPostprocessing = 0;
		};
		013D134326005B2300AC9B7F /* Frameworks */ = {
			isa = PBXFrameworksBuildPhase;
			buildActionMask = 2147483647;
			files = (
			);
			runOnlyForDeploymentPostprocessing = 0;
		};
		013D134E26005B2300AC9B7F /* Frameworks */ = {
			isa = PBXFrameworksBuildPhase;
			buildActionMask = 2147483647;
			files = (
			);
			runOnlyForDeploymentPostprocessing = 0;
		};
/* End PBXFrameworksBuildPhase section */

/* Begin PBXGroup section */
		013D132226005B2100AC9B7F = {
			isa = PBXGroup;
			children = (
				013D132D26005B2100AC9B7F /* EyerPlayer */,
				013D134926005B2300AC9B7F /* EyerPlayerTests */,
				013D135426005B2300AC9B7F /* EyerPlayerUITests */,
				013D132C26005B2100AC9B7F /* Products */,
			);
			sourceTree = "<group>";
		};
		013D132C26005B2100AC9B7F /* Products */ = {
			isa = PBXGroup;
			children = (
				013D132B26005B2100AC9B7F /* EyerPlayer.app */,
				013D134626005B2300AC9B7F /* EyerPlayerTests.xctest */,
				013D135126005B2300AC9B7F /* EyerPlayerUITests.xctest */,
			);
			name = Products;
			sourceTree = "<group>";
		};
		013D132D26005B2100AC9B7F /* EyerPlayer */ = {
			isa = PBXGroup;
			children = (
				013D132E26005B2100AC9B7F /* AppDelegate.h */,
				013D132F26005B2100AC9B7F /* AppDelegate.m */,
				013D133A26005B2200AC9B7F /* Assets.xcassets */,
				013D133F26005B2200AC9B7F /* Info.plist */,
				013D134026005B2200AC9B7F /* main.m */,
				013D136926005F5B00AC9B7F /* OGLControllerViewController.h */,
				013D136A26005F5B00AC9B7F /* OGLControllerViewController.mm */,
				013D137B2600944500AC9B7F /* Test.cpp */,
				013D137C2600944500AC9B7F /* Test.hpp */,
			);
			path = EyerPlayer;
			sourceTree = "<group>";
		};
		013D134926005B2300AC9B7F /* EyerPlayerTests */ = {
			isa = PBXGroup;
			children = (
				013D134A26005B2300AC9B7F /* EyerPlayerTests.m */,
				013D134C26005B2300AC9B7F /* Info.plist */,
			);
			path = EyerPlayerTests;
			sourceTree = "<group>";
		};
		013D135426005B2300AC9B7F /* EyerPlayerUITests */ = {
			isa = PBXGroup;
			children = (
				013D135526005B2300AC9B7F /* EyerPlayerUITests.m */,
				013D135726005B2300AC9B7F /* Info.plist */,
			);
			path = EyerPlayerUITests;
			sourceTree = "<group>";
		};
/* End PBXGroup section */

/* Begin PBXNativeTarget section */
		013D132A26005B2100AC9B7F /* EyerPlayer */ = {
			isa = PBXNativeTarget;
			buildConfigurationList = 013D135A26005B2300AC9B7F /* Build configuration list for PBXNativeTarget "EyerPlayer" */;
			buildPhases = (
				013D132726005B2100AC9B7F /* Sources */,
				013D132826005B2100AC9B7F /* Frameworks */,
				013D132926005B2100AC9B7F /* Resources */,
			);
			buildRules = (
			);
			dependencies = (
			);
			name = EyerPlayer;
			productName = EyerPlayer;
			productReference = 013D132B26005B2100AC9B7F /* EyerPlayer.app */;
			productType = "com.apple.product-type.application";
		};
		013D134526005B2300AC9B7F /* EyerPlayerTests */ = {
			isa = PBXNativeTarget;
			buildConfigurationList = 013D135D26005B2300AC9B7F /* Build configuration list for PBXNativeTarget "EyerPlayerTests" */;
			buildPhases = (
				013D134226005B2300AC9B7F /* Sources */,
				013D134326005B2300AC9B7F /* Frameworks */,
				013D134426005B2300AC9B7F /* Resources */,
			);
			buildRules = (
			);
			dependencies = (
				013D134826005B2300AC9B7F /* PBXTargetDependency */,
			);
			name = EyerPlayerTests;
			productName = EyerPlayerTests;
			productReference = 013D134626005B2300AC9B7F /* EyerPlayerTests.xctest */;
			productType = "com.apple.product-type.bundle.unit-test";
		};
		013D135026005B2300AC9B7F /* EyerPlayerUITests */ = {
			isa = PBXNativeTarget;
			buildConfigurationList = 013D136026005B2300AC9B7F /* Build configuration list for PBXNativeTarget "EyerPlayerUITests" */;
			buildPhases = (
				013D134D26005B2300AC9B7F /* Sources */,
				013D134E26005B2300AC9B7F /* Frameworks */,
				013D134F26005B2300AC9B7F /* Resources */,
			);
			buildRules = (
			);
			dependencies = (
				013D135326005B2300AC9B7F /* PBXTargetDependency */,
			);
			name = EyerPlayerUITests;
			productName = EyerPlayerUITests;
			productReference = 013D135126005B2300AC9B7F /* EyerPlayerUITests.xctest */;
			productType = "com.apple.product-type.bundle.ui-testing";
		};
/* End PBXNativeTarget section */

/* Begin PBXProject section */
		013D132326005B2100AC9B7F /* Project object */ = {
			isa = PBXProject;
			attributes = {
				LastUpgradeCheck = 1230;
				TargetAttributes = {
					013D132A26005B2100AC9B7F = {
						CreatedOnToolsVersion = 12.3;
					};
					013D134526005B2300AC9B7F = {
						CreatedOnToolsVersion = 12.3;
						TestTargetID = 013D132A26005B2100AC9B7F;
					};
					013D135026005B2300AC9B7F = {
						CreatedOnToolsVersion = 12.3;
						TestTargetID = 013D132A26005B2100AC9B7F;
					};
				};
			};
			buildConfigurationList = 013D132626005B2100AC9B7F /* Build configuration list for PBXProject "EyerPlayer" */;
			compatibilityVersion = "Xcode 9.3";
			developmentRegion = en;
			hasScannedForEncodings = 0;
			knownRegions = (
				en,
				Base,
			);
			mainGroup = 013D132226005B2100AC9B7F;
			productRefGroup = 013D132C26005B2100AC9B7F /* Products */;
			projectDirPath = "";
			projectRoot = "";
			targets = (
				013D132A26005B2100AC9B7F /* EyerPlayer */,
				013D134526005B2300AC9B7F /* EyerPlayerTests */,
				013D135026005B2300AC9B7F /* EyerPlayerUITests */,
			);
		};
/* End PBXProject section */

/* Begin PBXResourcesBuildPhase section */
		013D132926005B2100AC9B7F /* Resources */ = {
			isa = PBXResourcesBuildPhase;
			buildActionMask = 2147483647;
			files = (
				013D133B26005B2200AC9B7F /* Assets.xcassets in Resources */,
			);
			runOnlyForDeploymentPostprocessing = 0;
		};
		013D134426005B2300AC9B7F /* Resources */ = {
			isa = PBXResourcesBuildPhase;
			buildActionMask = 2147483647;
			files = (
			);
			runOnlyForDeploymentPostprocessing = 0;
		};
		013D134F26005B2300AC9B7F /* Resources */ = {
			isa = PBXResourcesBuildPhase;
			buildActionMask = 2147483647;
			files = (
			);
			runOnlyForDeploymentPostprocessing = 0;
		};
/* End PBXResourcesBuildPhase section */

/* Begin PBXSourcesBuildPhase section */
		013D132726005B2100AC9B7F /* Sources */ = {
			isa = PBXSourcesBuildPhase;
			buildActionMask = 2147483647;
			files = (
				013D136B26005F5B00AC9B7F /* OGLControllerViewController.mm in Sources */,
				013D137D2600944500AC9B7F /* Test.cpp in Sources */,
				013D133026005B2100AC9B7F /* AppDelegate.m in Sources */,
				013D134126005B2200AC9B7F /* main.m in Sources */,
			);
			runOnlyForDeploymentPostprocessing = 0;
		};
		013D134226005B2300AC9B7F /* Sources */ = {
			isa = PBXSourcesBuildPhase;
			buildActionMask = 2147483647;
			files = (
				013D134B26005B2300AC9B7F /* EyerPlayerTests.m in Sources */,
			);
			runOnlyForDeploymentPostprocessing = 0;
		};
		013D134D26005B2300AC9B7F /* Sources */ = {
			isa = PBXSourcesBuildPhase;
			buildActionMask = 2147483647;
			files = (
				013D135626005B2300AC9B7F /* EyerPlayerUITests.m in Sources */,
			);
			runOnlyForDeploymentPostprocessing = 0;
		};
/* End PBXSourcesBuildPhase section */

/* Begin PBXTargetDependency section */
		013D134826005B2300AC9B7F /* PBXTargetDependency */ = {
			isa = PBXTargetDependency;
			target = 013D132A26005B2100AC9B7F /* EyerPlayer */;
			targetProxy = 013D134726005B2300AC9B7F /* PBXContainerItemProxy */;
		};
		013D135326005B2300AC9B7F /* PBXTargetDependency */ = {
			isa = PBXTargetDependency;
			target = 013D132A26005B2100AC9B7F /* EyerPlayer */;
			targetProxy = 013D135226005B2300AC9B7F /* PBXContainerItemProxy */;
		};
/* End PBXTargetDependency section */

/* Begin XCBuildConfiguration section */
		013D135826005B2300AC9B7F /* Debug */ = {
			isa = XCBuildConfiguration;
			buildSettings = {
				ALWAYS_SEARCH_USER_PATHS = NO;
				CLANG_ANALYZER_NONNULL = YES;
				CLANG_ANALYZER_NUMBER_OBJECT_CONVERSION = YES_AGGRESSIVE;
				CLANG_CXX_LANGUAGE_STANDARD = "gnu++14";
				CLANG_CXX_LIBRARY = "libc++";
				CLANG_ENABLE_MODULES = YES;
				CLANG_ENABLE_OBJC_ARC = YES;
				CLANG_ENABLE_OBJC_WEAK = YES;
				CLANG_WARN_BLOCK_CAPTURE_AUTORELEASING = YES;
				CLANG_WARN_BOOL_CONVERSION = YES;
				CLANG_WARN_COMMA = YES;
				CLANG_WARN_CONSTANT_CONVERSION = YES;
				CLANG_WARN_DEPRECATED_OBJC_IMPLEMENTATIONS = YES;
				CLANG_WARN_DIRECT_OBJC_ISA_USAGE = YES_ERROR;
				CLANG_WARN_DOCUMENTATION_COMMENTS = YES;
				CLANG_WARN_EMPTY_BODY = YES;
				CLANG_WARN_ENUM_CONVERSION = YES;
				CLANG_WARN_INFINITE_RECURSION = YES;
				CLANG_WARN_INT_CONVERSION = YES;
				CLANG_WARN_NON_LITERAL_NULL_CONVERSION = YES;
				CLANG_WARN_OBJC_IMPLICIT_RETAIN_SELF = YES;
				CLANG_WARN_OBJC_LITERAL_CONVERSION = YES;
				CLANG_WARN_OBJC_ROOT_CLASS = YES_ERROR;
				CLANG_WARN_QUOTED_INCLUDE_IN_FRAMEWORK_HEADER = YES;
				CLANG_WARN_RANGE_LOOP_ANALYSIS = YES;
				CLANG_WARN_STRICT_PROTOTYPES = YES;
				CLANG_WARN_SUSPICIOUS_MOVE = YES;
				CLANG_WARN_UNGUARDED_AVAILABILITY = YES_AGGRESSIVE;
				CLANG_WARN_UNREACHABLE_CODE = YES;
				CLANG_WARN__DUPLICATE_METHOD_MATCH = YES;
				COPY_PHASE_STRIP = NO;
				DEBUG_INFORMATION_FORMAT = dwarf;
				ENABLE_STRICT_OBJC_MSGSEND = YES;
				ENABLE_TESTABILITY = YES;
				GCC_C_LANGUAGE_STANDARD = gnu11;
				GCC_DYNAMIC_NO_PIC = NO;
				GCC_NO_COMMON_BLOCKS = YES;
				GCC_OPTIMIZATION_LEVEL = 0;
				GCC_PREPROCESSOR_DEFINITIONS = (
					"DEBUG=1",
					"$(inherited)",
				);
				GCC_WARN_64_TO_32_BIT_CONVERSION = YES;
				GCC_WARN_ABOUT_RETURN_TYPE = YES_ERROR;
				GCC_WARN_UNDECLARED_SELECTOR = YES;
				GCC_WARN_UNINITIALIZED_AUTOS = YES_AGGRESSIVE;
				GCC_WARN_UNUSED_FUNCTION = YES;
				GCC_WARN_UNUSED_VARIABLE = YES;
				IPHONEOS_DEPLOYMENT_TARGET = 14.3;
				MTL_ENABLE_DEBUG_INFO = INCLUDE_SOURCE;
				MTL_FAST_MATH = YES;
				ONLY_ACTIVE_ARCH = YES;
				SDKROOT = iphoneos;
			};
			name = Debug;
		};
		013D135926005B2300AC9B7F /* Release */ = {
			isa = XCBuildConfiguration;
			buildSettings = {
				ALWAYS_SEARCH_USER_PATHS = NO;
				CLANG_ANALYZER_NONNULL = YES;
				CLANG_ANALYZER_NUMBER_OBJECT_CONVERSION = YES_AGGRESSIVE;
				CLANG_CXX_LANGUAGE_STANDARD = "gnu++14";
				CLANG_CXX_LIBRARY = "libc++";
				CLANG_ENABLE_MODULES = YES;
				CLANG_ENABLE_OBJC_ARC = YES;
				CLANG_ENABLE_OBJC_WEAK = YES;
				CLANG_WARN_BLOCK_CAPTURE_AUTORELEASING = YES;
				CLANG_WARN_BOOL_CONVERSION = YES;
				CLANG_WARN_COMMA = YES;
				CLANG_WARN_CONSTANT_CONVERSION = YES;
				CLANG_WARN_DEPRECATED_OBJC_IMPLEMENTATIONS = YES;
				CLANG_WARN_DIRECT_OBJC_ISA_USAGE = YES_ERROR;
				CLANG_WARN_DOCUMENTATION_COMMENTS = YES;
				CLANG_WARN_EMPTY_BODY = YES;
				CLANG_WARN_ENUM_CONVERSION = YES;
				CLANG_WARN_INFINITE_RECURSION = YES;
				CLANG_WARN_INT_CONVERSION = YES;
				CLANG_WARN_NON_LITERAL_NULL_CONVERSION = YES;
				CLANG_WARN_OBJC_IMPLICIT_RETAIN_SELF = YES;
				CLANG_WARN_OBJC_LITERAL_CONVERSION = YES;
				CLANG_WARN_OBJC_ROOT_CLASS = YES_ERROR;
				CLANG_WARN_QUOTED_INCLUDE_IN_FRAMEWORK_HEADER = YES;
				CLANG_WARN_RANGE_LOOP_ANALYSIS = YES;
				CLANG_WARN_STRICT_PROTOTYPES = YES;
				CLANG_WARN_SUSPICIOUS_MOVE = YES;
				CLANG_WARN_UNGUARDED_AVAILABILITY = YES_AGGRESSIVE;
				CLANG_WARN_UNREACHABLE_CODE = YES;
				CLANG_WARN__DUPLICATE_METHOD_MATCH = YES;
				COPY_PHASE_STRIP = NO;
				DEBUG_INFORMATION_FORMAT = "dwarf-with-dsym";
				ENABLE_NS_ASSERTIONS = NO;
				ENABLE_STRICT_OBJC_MSGSEND = YES;
				GCC_C_LANGUAGE_STANDARD = gnu11;
				GCC_NO_COMMON_BLOCKS = YES;
				GCC_WARN_64_TO_32_BIT_CONVERSION = YES;
				GCC_WARN_ABOUT_RETURN_TYPE = YES_ERROR;
				GCC_WARN_UNDECLARED_SELECTOR = YES;
				GCC_WARN_UNINITIALIZED_AUTOS = YES_AGGRESSIVE;
				GCC_WARN_UNUSED_FUNCTION = YES;
				GCC_WARN_UNUSED_VARIABLE = YES;
				IPHONEOS_DEPLOYMENT_TARGET = 14.3;
				MTL_ENABLE_DEBUG_INFO = NO;
				MTL_FAST_MATH = YES;
				SDKROOT = iphoneos;
				VALIDATE_PRODUCT = YES;
			};
			name = Release;
		};
		013D135B26005B2300AC9B7F /* Debug */ = {
			isa = XCBuildConfiguration;
			buildSettings = {
				ASSETCATALOG_COMPILER_APPICON_NAME = AppIcon;
				ASSETCATALOG_COMPILER_GLOBAL_ACCENT_COLOR_NAME = AccentColor;
				CODE_SIGN_STYLE = Automatic;
				DEVELOPMENT_TEAM = LGBB8K4Y97;
				INFOPLIST_FILE = EyerPlayer/Info.plist;
				LD_RUNPATH_SEARCH_PATHS = (
					"$(inherited)",
					"@executable_path/Frameworks",
				);
				PRODUCT_BUNDLE_IDENTIFIER = zzsin.com.EyerPlayer;
				PRODUCT_NAME = "$(TARGET_NAME)";
				TARGETED_DEVICE_FAMILY = "1,2";
			};
			name = Debug;
		};
		013D135C26005B2300AC9B7F /* Release */ = {
			isa = XCBuildConfiguration;
			buildSettings = {
				ASSETCATALOG_COMPILER_APPICON_NAME = AppIcon;
				ASSETCATALOG_COMPILER_GLOBAL_ACCENT_COLOR_NAME = AccentColor;
				CODE_SIGN_STYLE = Automatic;
				DEVELOPMENT_TEAM = LGBB8K4Y97;
				INFOPLIST_FILE = EyerPlayer/Info.plist;
				LD_RUNPATH_SEARCH_PATHS = (
					"$(inherited)",
					"@executable_path/Frameworks",
				);
				PRODUCT_BUNDLE_IDENTIFIER = zzsin.com.EyerPlayer;
				PRODUCT_NAME = "$(TARGET_NAME)";
				TARGETED_DEVICE_FAMILY = "1,2";
			};
			name = Release;
		};
		013D135E26005B2300AC9B7F /* Debug */ = {
			isa = XCBuildConfiguration;
			buildSettings = {
				BUNDLE_LOADER = "$(TEST_HOST)";
				CODE_SIGN_STYLE = Automatic;
				DEVELOPMENT_TEAM = LGBB8K4Y97;
				INFOPLIST_FILE = EyerPlayerTests/Info.plist;
				IPHONEOS_DEPLOYMENT_TARGET = 14.3;
				LD_RUNPATH_SEARCH_PATHS = (
					"$(inherited)",
					"@executable_path/Frameworks",
					"@loader_path/Frameworks",
				);
				PRODUCT_BUNDLE_IDENTIFIER = zzsin.com.EyerPlayerTests;
				PRODUCT_NAME = "$(TARGET_NAME)";
				TARGETED_DEVICE_FAMILY = "1,2";
				TEST_HOST = "$(BUILT_PRODUCTS_DIR)/EyerPlayer.app/EyerPlayer";
			};
			name = Debug;
		};
		013D135F26005B2300AC9B7F /* Release */ = {
			isa = XCBuildConfiguration;
			buildSettings = {
				BUNDLE_LOADER = "$(TEST_HOST)";
				CODE_SIGN_STYLE = Automatic;
				DEVELOPMENT_TEAM = LGBB8K4Y97;
				INFOPLIST_FILE = EyerPlayerTests/Info.plist;
				IPHONEOS_DEPLOYMENT_TARGET = 14.3;
				LD_RUNPATH_SEARCH_PATHS = (
					"$(inherited)",
					"@executable_path/Frameworks",
					"@loader_path/Frameworks",
				);
				PRODUCT_BUNDLE_IDENTIFIER = zzsin.com.EyerPlayerTests;
				PRODUCT_NAME = "$(TARGET_NAME)";
				TARGETED_DEVICE_FAMILY = "1,2";
				TEST_HOST = "$(BUILT_PRODUCTS_DIR)/EyerPlayer.app/EyerPlayer";
			};
			name = Release;
		};
		013D136126005B2300AC9B7F /* Debug */ = {
			isa = XCBuildConfiguration;
			buildSettings = {
				CODE_SIGN_STYLE = Automatic;
				DEVELOPMENT_TEAM = LGBB8K4Y97;
				INFOPLIST_FILE = EyerPlayerUITests/Info.plist;
				LD_RUNPATH_SEARCH_PATHS = (
					"$(inherited)",
					"@executable_path/Frameworks",
					"@loader_path/Frameworks",
				);
				PRODUCT_BUNDLE_IDENTIFIER = zzsin.com.EyerPlayerUITests;
				PRODUCT_NAME = "$(TARGET_NAME)";
				TARGETED_DEVICE_FAMILY = "1,2";
				TEST_TARGET_NAME = EyerPlayer;
			};
			name = Debug;
		};
		013D136226005B2300AC9B7F /* Release */ = {
			isa = XCBuildConfiguration;
			buildSettings = {
				CODE_SIGN_STYLE = Automatic;
				DEVELOPMENT_TEAM = LGBB8K4Y97;
				INFOPLIST_FILE = EyerPlayerUITests/Info.plist;
				LD_RUNPATH_SEARCH_PATHS = (
					"$(inherited)",
					"@executable_path/Frameworks",
					"@loader_path/Frameworks",
				);
				PRODUCT_BUNDLE_IDENTIFIER = zzsin.com.EyerPlayerUITests;
				PRODUCT_NAME = "$(TARGET_NAME)";
				TARGETED_DEVICE_FAMILY = "1,2";
				TEST_TARGET_NAME = EyerPlayer;
			};
			name = Release;
		};
/* End XCBuildConfiguration section */

/* Begin XCConfigurationList section */
		013D132626005B2100AC9B7F /* Build configuration list for PBXProject "EyerPlayer" */ = {
			isa = XCConfigurationList;
			buildConfigurations = (
				013D135826005B2300AC9B7F /* Debug */,
				013D135926005B2300AC9B7F /* Release */,
			);
			defaultConfigurationIsVisible = 0;
			defaultConfigurationName = Release;
		};
		013D135A26005B2300AC9B7F /* Build configuration list for PBXNativeTarget "EyerPlayer" */ = {
			isa = XCConfigurationList;
			buildConfigurations = (
				013D135B26005B2300AC9B7F /* Debug */,
				013D135C26005B2300AC9B7F /* Release */,
			);
			defaultConfigurationIsVisible = 0;
			defaultConfigurationName = Release;
		};
		013D135D26005B2300AC9B7F /* Build configuration list for PBXNativeTarget "EyerPlayerTests" */ = {
			isa = XCConfigurationList;
			buildConfigurations = (
				013D135E26005B2300AC9B7F /* Debug */,
				013D135F26005B2300AC9B7F /* Release */,
			);
			defaultConfigurationIsVisible = 0;
			defaultConfigurationName = Release;
		};
		013D136026005B2300AC9B7F /* Build configuration list for PBXNativeTarget "EyerPlayerUITests" */ = {
			isa = XCConfigurationList;
			buildConfigurations = (
				013D136126005B2300AC9B7F /* Debug */,
				013D136226005B2300AC9B7F /* Release */,
			);
			defaultConfigurationIsVisible = 0;
			defaultConfigurationName = Release;
		};
/* End XCConfigurationList section */
	};
	rootObject = 013D132326005B2100AC9B7F /* Project object */;
}
